
Microsoft Visual Studio Solution File, Format Version 12.00
# Visual Studio Version 17
VisualStudioVersion = 17.0.31903.59
MinimumVisualStudioVersion = 10.0.40219.1
Project("{FAE04EC0-301F-11D3-BF4B-00C04F79EFBC}") = "MCPHub.Domain", "Domain\MCPHub.Domain.csproj", "{BA4C1A1F-2D9B-4060-888A-E69D76B2C66A}"
EndProject
Project("{FAE04EC0-301F-11D3-BF4B-00C04F79EFBC}") = "MCPHub.Common", "Common\MCPHub.Common.csproj", "{CD4EA93A-DFB8-4A60-B2B0-1033B379AADC}"
EndProject
Project("{FAE04EC0-301F-11D3-BF4B-00C04F79EFBC}") = "MCPHub.Core", "Core\MCPHub.Core.csproj", "{B3916814-AD3B-4799-9934-4D8918C6A5E0}"
EndProject
Project("{FAE04EC0-301F-11D3-BF4B-00C04F79EFBC}") = "MCPHub.Data", "Data\MCPHub.Data.csproj", "{8018844D-37B1-49D3-AB96-1C08D2305E7C}"
EndProject
Project("{FAE04EC0-301F-11D3-BF4B-00C04F79EFBC}") = "MCPHub.CommandLineApp", "CommandLineApp\MCPHub.CommandLineApp.csproj", "{F7E7F212-B555-4997-925B-21BA294F091E}"
EndProject
Project("{FAE04EC0-301F-11D3-BF4B-00C04F79EFBC}") = "MCPHub.PublicApi", "PublicApi\MCPHub.PublicApi.csproj", "{C1C656A8-5426-4AB2-98D7-C8C849406234}"
EndProject
Project("{FAE04EC0-301F-11D3-BF4B-00C04F79EFBC}") = "MCPHub.WebApp", "WebApp\MCPHub.WebApp.csproj", "{F974E388-5009-470C-9360-F35BE97A0ADD}"
EndProject
Project("{FAE04EC0-301F-11D3-BF4B-00C04F79EFBC}") = "MCPHub.SecurityService", "SecurityService\MCPHub.SecurityService.csproj", "{B9F65D3A-7FEE-43F5-9ECA-35296CFCCA53}"
EndProject
Project("{FAE04EC0-301F-11D3-BF4B-00C04F79EFBC}") = "MCPHub.SearchService", "SearchService\MCPHub.SearchService.csproj", "{4720DB39-7D45-4BBB-95C4-043BD719E313}"
EndProject
Project("{FAE04EC0-301F-11D3-BF4B-00C04F79EFBC}") = "MCPHub.AppHost", "AppHost\MCPHub.AppHost.csproj", "{DC74F364-3D3F-49F0-B892-698296A355F6}"
EndProject
Project("{FAE04EC0-301F-11D3-BF4B-00C04F79EFBC}") = "MCPHub.Domain.UnitTests", "Domain.UnitTests\MCPHub.Domain.UnitTests.csproj", "{E0109135-A0C3-4714-8E09-6B4285DF736F}"
EndProject
Project("{FAE04EC0-301F-11D3-BF4B-00C04F79EFBC}") = "MCPHub.Common.UnitTests", "Common.UnitTests\MCPHub.Common.UnitTests.csproj", "{9B446E76-3C9D-484F-83CE-D520B0A56246}"
EndProject
Project("{FAE04EC0-301F-11D3-BF4B-00C04F79EFBC}") = "MCPHub.Core.UnitTests", "Core.UnitTests\MCPHub.Core.UnitTests.csproj", "{06873AD6-4EB8-4B8D-ADD2-93667F5FC7E2}"
EndProject
Project("{FAE04EC0-301F-11D3-BF4B-00C04F79EFBC}") = "MCPHub.Data.UnitTests", "Data.UnitTests\MCPHub.Data.UnitTests.csproj", "{6141CAE5-2335-4DD4-AB2A-211351FFA4C6}"
EndProject
Project("{2150E333-8FDC-42A3-9474-1A3956D46DE8}") = "Solution Items", "Solution Items", "{089100B1-113F-4E66-888A-E83F3999EAFD}"
	ProjectSection(SolutionItems) = preProject
		.mcp.json = .mcp.json
	EndProjectSection
EndProject
Project("{2150E333-8FDC-42A3-9474-1A3956D46DE8}") = "Source", "Source", "{B8EFCA5F-814F-285C-A8CB-F00F14650265}"
EndProject
Project("{2150E333-8FDC-42A3-9474-1A3956D46DE8}") = "Tests", "Tests", "{0AB3BF05-4346-4AA6-1389-037BE0695223}"
EndProject
Project("{FAE04EC0-301F-11D3-BF4B-00C04F79EFBC}") = "MCPHub.Storage", "Storage\MCPHub.Storage.csproj", "{46A117C5-E161-4A8D-9DAC-35A2A7325719}"
EndProject
Project("{FAE04EC0-301F-11D3-BF4B-00C04F79EFBC}") = "MCPHub.AuthenticationService", "AuthenticationService\MCPHub.AuthenticationService.csproj", "{0CAF7FE1-0D83-44D7-BBD1-4DCE8939D1DD}"
EndProject
Project("{2150E333-8FDC-42A3-9474-1A3956D46DE8}") = "PublicApi.UnitTests", "PublicApi.UnitTests", "{DB9C22E8-945B-7247-EE56-10CB0DAE3718}"
EndProject
Project("{FAE04EC0-301F-11D3-BF4B-00C04F79EFBC}") = "MCPHub.PublicApi.UnitTests", "PublicApi.UnitTests\MCPHub.PublicApi.UnitTests.csproj", "{9840A08B-5A4B-4DA1-BDEF-FD5D07446775}"
EndProject
Project("{FAE04EC0-301F-11D3-BF4B-00C04F79EFBC}") = "MCPHub.IntegrationTests", "IntegrationTests\MCPHub.IntegrationTests.csproj", "{A7D2F8E3-8F4B-4C9E-9A1B-5E6D7C8F9A0B}"
EndProject
Global
	GlobalSection(SolutionConfigurationPlatforms) = preSolution
		Debug|Any CPU = Debug|Any CPU
		Debug|x64 = Debug|x64
		Debug|x86 = Debug|x86
		Release|Any CPU = Release|Any CPU
		Release|x64 = Release|x64
		Release|x86 = Release|x86
	EndGlobalSection
	GlobalSection(ProjectConfigurationPlatforms) = postSolution
		{BA4C1A1F-2D9B-4060-888A-E69D76B2C66A}.Debug|Any CPU.ActiveCfg = Debug|Any CPU
		{BA4C1A1F-2D9B-4060-888A-E69D76B2C66A}.Debug|Any CPU.Build.0 = Debug|Any CPU
		{BA4C1A1F-2D9B-4060-888A-E69D76B2C66A}.Debug|x64.ActiveCfg = Debug|Any CPU
		{BA4C1A1F-2D9B-4060-888A-E69D76B2C66A}.Debug|x64.Build.0 = Debug|Any CPU
		{BA4C1A1F-2D9B-4060-888A-E69D76B2C66A}.Debug|x86.ActiveCfg = Debug|Any CPU
		{BA4C1A1F-2D9B-4060-888A-E69D76B2C66A}.Debug|x86.Build.0 = Debug|Any CPU
		{BA4C1A1F-2D9B-4060-888A-E69D76B2C66A}.Release|Any CPU.ActiveCfg = Release|Any CPU
		{BA4C1A1F-2D9B-4060-888A-E69D76B2C66A}.Release|Any CPU.Build.0 = Release|Any CPU
		{BA4C1A1F-2D9B-4060-888A-E69D76B2C66A}.Release|x64.ActiveCfg = Release|Any CPU
		{BA4C1A1F-2D9B-4060-888A-E69D76B2C66A}.Release|x64.Build.0 = Release|Any CPU
		{BA4C1A1F-2D9B-4060-888A-E69D76B2C66A}.Release|x86.ActiveCfg = Release|Any CPU
		{BA4C1A1F-2D9B-4060-888A-E69D76B2C66A}.Release|x86.Build.0 = Release|Any CPU
		{CD4EA93A-DFB8-4A60-B2B0-1033B379AADC}.Debug|Any CPU.ActiveCfg = Debug|Any CPU
		{CD4EA93A-DFB8-4A60-B2B0-1033B379AADC}.Debug|Any CPU.Build.0 = Debug|Any CPU
		{CD4EA93A-DFB8-4A60-B2B0-1033B379AADC}.Debug|x64.ActiveCfg = Debug|Any CPU
		{CD4EA93A-DFB8-4A60-B2B0-1033B379AADC}.Debug|x64.Build.0 = Debug|Any CPU
		{CD4EA93A-DFB8-4A60-B2B0-1033B379AADC}.Debug|x86.ActiveCfg = Debug|Any CPU
		{CD4EA93A-DFB8-4A60-B2B0-1033B379AADC}.Debug|x86.Build.0 = Debug|Any CPU
		{CD4EA93A-DFB8-4A60-B2B0-1033B379AADC}.Release|Any CPU.ActiveCfg = Release|Any CPU
		{CD4EA93A-DFB8-4A60-B2B0-1033B379AADC}.Release|Any CPU.Build.0 = Release|Any CPU
		{CD4EA93A-DFB8-4A60-B2B0-1033B379AADC}.Release|x64.ActiveCfg = Release|Any CPU
		{CD4EA93A-DFB8-4A60-B2B0-1033B379AADC}.Release|x64.Build.0 = Release|Any CPU
		{CD4EA93A-DFB8-4A60-B2B0-1033B379AADC}.Release|x86.ActiveCfg = Release|Any CPU
		{CD4EA93A-DFB8-4A60-B2B0-1033B379AADC}.Release|x86.Build.0 = Release|Any CPU
		{B3916814-AD3B-4799-9934-4D8918C6A5E0}.Debug|Any CPU.ActiveCfg = Debug|Any CPU
		{B3916814-AD3B-4799-9934-4D8918C6A5E0}.Debug|Any CPU.Build.0 = Debug|Any CPU
		{B3916814-AD3B-4799-9934-4D8918C6A5E0}.Debug|x64.ActiveCfg = Debug|Any CPU
		{B3916814-AD3B-4799-9934-4D8918C6A5E0}.Debug|x64.Build.0 = Debug|Any CPU
		{B3916814-AD3B-4799-9934-4D8918C6A5E0}.Debug|x86.ActiveCfg = Debug|Any CPU
		{B3916814-AD3B-4799-9934-4D8918C6A5E0}.Debug|x86.Build.0 = Debug|Any CPU
		{B3916814-AD3B-4799-9934-4D8918C6A5E0}.Release|Any CPU.ActiveCfg = Release|Any CPU
		{B3916814-AD3B-4799-9934-4D8918C6A5E0}.Release|Any CPU.Build.0 = Release|Any CPU
		{B3916814-AD3B-4799-9934-4D8918C6A5E0}.Release|x64.ActiveCfg = Release|Any CPU
		{B3916814-AD3B-4799-9934-4D8918C6A5E0}.Release|x64.Build.0 = Release|Any CPU
		{B3916814-AD3B-4799-9934-4D8918C6A5E0}.Release|x86.ActiveCfg = Release|Any CPU
		{B3916814-AD3B-4799-9934-4D8918C6A5E0}.Release|x86.Build.0 = Release|Any CPU
		{8018844D-37B1-49D3-AB96-1C08D2305E7C}.Debug|Any CPU.ActiveCfg = Debug|Any CPU
		{8018844D-37B1-49D3-AB96-1C08D2305E7C}.Debug|Any CPU.Build.0 = Debug|Any CPU
		{8018844D-37B1-49D3-AB96-1C08D2305E7C}.Debug|x64.ActiveCfg = Debug|Any CPU
		{8018844D-37B1-49D3-AB96-1C08D2305E7C}.Debug|x64.Build.0 = Debug|Any CPU
		{8018844D-37B1-49D3-AB96-1C08D2305E7C}.Debug|x86.ActiveCfg = Debug|Any CPU
		{8018844D-37B1-49D3-AB96-1C08D2305E7C}.Debug|x86.Build.0 = Debug|Any CPU
		{8018844D-37B1-49D3-AB96-1C08D2305E7C}.Release|Any CPU.ActiveCfg = Release|Any CPU
		{8018844D-37B1-49D3-AB96-1C08D2305E7C}.Release|Any CPU.Build.0 = Release|Any CPU
		{8018844D-37B1-49D3-AB96-1C08D2305E7C}.Release|x64.ActiveCfg = Release|Any CPU
		{8018844D-37B1-49D3-AB96-1C08D2305E7C}.Release|x64.Build.0 = Release|Any CPU
		{8018844D-37B1-49D3-AB96-1C08D2305E7C}.Release|x86.ActiveCfg = Release|Any CPU
		{8018844D-37B1-49D3-AB96-1C08D2305E7C}.Release|x86.Build.0 = Release|Any CPU
		{F7E7F212-B555-4997-925B-21BA294F091E}.Debug|Any CPU.ActiveCfg = Debug|Any CPU
		{F7E7F212-B555-4997-925B-21BA294F091E}.Debug|Any CPU.Build.0 = Debug|Any CPU
		{F7E7F212-B555-4997-925B-21BA294F091E}.Debug|x64.ActiveCfg = Debug|Any CPU
		{F7E7F212-B555-4997-925B-21BA294F091E}.Debug|x64.Build.0 = Debug|Any CPU
		{F7E7F212-B555-4997-925B-21BA294F091E}.Debug|x86.ActiveCfg = Debug|Any CPU
		{F7E7F212-B555-4997-925B-21BA294F091E}.Debug|x86.Build.0 = Debug|Any CPU
		{F7E7F212-B555-4997-925B-21BA294F091E}.Release|Any CPU.ActiveCfg = Release|Any CPU
		{F7E7F212-B555-4997-925B-21BA294F091E}.Release|Any CPU.Build.0 = Release|Any CPU
		{F7E7F212-B555-4997-925B-21BA294F091E}.Release|x64.ActiveCfg = Release|Any CPU
		{F7E7F212-B555-4997-925B-21BA294F091E}.Release|x64.Build.0 = Release|Any CPU
		{F7E7F212-B555-4997-925B-21BA294F091E}.Release|x86.ActiveCfg = Release|Any CPU
		{F7E7F212-B555-4997-925B-21BA294F091E}.Release|x86.Build.0 = Release|Any CPU
		{C1C656A8-5426-4AB2-98D7-C8C849406234}.Debug|Any CPU.ActiveCfg = Debug|Any CPU
		{C1C656A8-5426-4AB2-98D7-C8C849406234}.Debug|Any CPU.Build.0 = Debug|Any CPU
		{C1C656A8-5426-4AB2-98D7-C8C849406234}.Debug|x64.ActiveCfg = Debug|Any CPU
		{C1C656A8-5426-4AB2-98D7-C8C849406234}.Debug|x64.Build.0 = Debug|Any CPU
		{C1C656A8-5426-4AB2-98D7-C8C849406234}.Debug|x86.ActiveCfg = Debug|Any CPU
		{C1C656A8-5426-4AB2-98D7-C8C849406234}.Debug|x86.Build.0 = Debug|Any CPU
		{C1C656A8-5426-4AB2-98D7-C8C849406234}.Release|Any CPU.ActiveCfg = Release|Any CPU
		{C1C656A8-5426-4AB2-98D7-C8C849406234}.Release|Any CPU.Build.0 = Release|Any CPU
		{C1C656A8-5426-4AB2-98D7-C8C849406234}.Release|x64.ActiveCfg = Release|Any CPU
		{C1C656A8-5426-4AB2-98D7-C8C849406234}.Release|x64.Build.0 = Release|Any CPU
		{C1C656A8-5426-4AB2-98D7-C8C849406234}.Release|x86.ActiveCfg = Release|Any CPU
		{C1C656A8-5426-4AB2-98D7-C8C849406234}.Release|x86.Build.0 = Release|Any CPU
		{F974E388-5009-470C-9360-F35BE97A0ADD}.Debug|Any CPU.ActiveCfg = Debug|Any CPU
		{F974E388-5009-470C-9360-F35BE97A0ADD}.Debug|Any CPU.Build.0 = Debug|Any CPU
		{F974E388-5009-470C-9360-F35BE97A0ADD}.Debug|x64.ActiveCfg = Debug|Any CPU
		{F974E388-5009-470C-9360-F35BE97A0ADD}.Debug|x64.Build.0 = Debug|Any CPU
		{F974E388-5009-470C-9360-F35BE97A0ADD}.Debug|x86.ActiveCfg = Debug|Any CPU
		{F974E388-5009-470C-9360-F35BE97A0ADD}.Debug|x86.Build.0 = Debug|Any CPU
		{F974E388-5009-470C-9360-F35BE97A0ADD}.Release|Any CPU.ActiveCfg = Release|Any CPU
		{F974E388-5009-470C-9360-F35BE97A0ADD}.Release|Any CPU.Build.0 = Release|Any CPU
		{F974E388-5009-470C-9360-F35BE97A0ADD}.Release|x64.ActiveCfg = Release|Any CPU
		{F974E388-5009-470C-9360-F35BE97A0ADD}.Release|x64.Build.0 = Release|Any CPU
		{F974E388-5009-470C-9360-F35BE97A0ADD}.Release|x86.ActiveCfg = Release|Any CPU
		{F974E388-5009-470C-9360-F35BE97A0ADD}.Release|x86.Build.0 = Release|Any CPU
		{B9F65D3A-7FEE-43F5-9ECA-35296CFCCA53}.Debug|Any CPU.ActiveCfg = Debug|Any CPU
		{B9F65D3A-7FEE-43F5-9ECA-35296CFCCA53}.Debug|Any CPU.Build.0 = Debug|Any CPU
		{B9F65D3A-7FEE-43F5-9ECA-35296CFCCA53}.Debug|x64.ActiveCfg = Debug|Any CPU
		{B9F65D3A-7FEE-43F5-9ECA-35296CFCCA53}.Debug|x64.Build.0 = Debug|Any CPU
		{B9F65D3A-7FEE-43F5-9ECA-35296CFCCA53}.Debug|x86.ActiveCfg = Debug|Any CPU
		{B9F65D3A-7FEE-43F5-9ECA-35296CFCCA53}.Debug|x86.Build.0 = Debug|Any CPU
		{B9F65D3A-7FEE-43F5-9ECA-35296CFCCA53}.Release|Any CPU.ActiveCfg = Release|Any CPU
		{B9F65D3A-7FEE-43F5-9ECA-35296CFCCA53}.Release|Any CPU.Build.0 = Release|Any CPU
		{B9F65D3A-7FEE-43F5-9ECA-35296CFCCA53}.Release|x64.ActiveCfg = Release|Any CPU
		{B9F65D3A-7FEE-43F5-9ECA-35296CFCCA53}.Release|x64.Build.0 = Release|Any CPU
		{B9F65D3A-7FEE-43F5-9ECA-35296CFCCA53}.Release|x86.ActiveCfg = Release|Any CPU
		{B9F65D3A-7FEE-43F5-9ECA-35296CFCCA53}.Release|x86.Build.0 = Release|Any CPU
		{4720DB39-7D45-4BBB-95C4-043BD719E313}.Debug|Any CPU.ActiveCfg = Debug|Any CPU
		{4720DB39-7D45-4BBB-95C4-043BD719E313}.Debug|Any CPU.Build.0 = Debug|Any CPU
		{4720DB39-7D45-4BBB-95C4-043BD719E313}.Debug|x64.ActiveCfg = Debug|Any CPU
		{4720DB39-7D45-4BBB-95C4-043BD719E313}.Debug|x64.Build.0 = Debug|Any CPU
		{4720DB39-7D45-4BBB-95C4-043BD719E313}.Debug|x86.ActiveCfg = Debug|Any CPU
		{4720DB39-7D45-4BBB-95C4-043BD719E313}.Debug|x86.Build.0 = Debug|Any CPU
		{4720DB39-7D45-4BBB-95C4-043BD719E313}.Release|Any CPU.ActiveCfg = Release|Any CPU
		{4720DB39-7D45-4BBB-95C4-043BD719E313}.Release|Any CPU.Build.0 = Release|Any CPU
		{4720DB39-7D45-4BBB-95C4-043BD719E313}.Release|x64.ActiveCfg = Release|Any CPU
		{4720DB39-7D45-4BBB-95C4-043BD719E313}.Release|x64.Build.0 = Release|Any CPU
		{4720DB39-7D45-4BBB-95C4-043BD719E313}.Release|x86.ActiveCfg = Release|Any CPU
		{4720DB39-7D45-4BBB-95C4-043BD719E313}.Release|x86.Build.0 = Release|Any CPU
		{DC74F364-3D3F-49F0-B892-698296A355F6}.Debug|Any CPU.ActiveCfg = Debug|Any CPU
		{DC74F364-3D3F-49F0-B892-698296A355F6}.Debug|Any CPU.Build.0 = Debug|Any CPU
		{DC74F364-3D3F-49F0-B892-698296A355F6}.Debug|x64.ActiveCfg = Debug|Any CPU
		{DC74F364-3D3F-49F0-B892-698296A355F6}.Debug|x64.Build.0 = Debug|Any CPU
		{DC74F364-3D3F-49F0-B892-698296A355F6}.Debug|x86.ActiveCfg = Debug|Any CPU
		{DC74F364-3D3F-49F0-B892-698296A355F6}.Debug|x86.Build.0 = Debug|Any CPU
		{DC74F364-3D3F-49F0-B892-698296A355F6}.Release|Any CPU.ActiveCfg = Release|Any CPU
		{DC74F364-3D3F-49F0-B892-698296A355F6}.Release|Any CPU.Build.0 = Release|Any CPU
		{DC74F364-3D3F-49F0-B892-698296A355F6}.Release|x64.ActiveCfg = Release|Any CPU
		{DC74F364-3D3F-49F0-B892-698296A355F6}.Release|x64.Build.0 = Release|Any CPU
		{DC74F364-3D3F-49F0-B892-698296A355F6}.Release|x86.ActiveCfg = Release|Any CPU
		{DC74F364-3D3F-49F0-B892-698296A355F6}.Release|x86.Build.0 = Release|Any CPU
		{E0109135-A0C3-4714-8E09-6B4285DF736F}.Debug|Any CPU.ActiveCfg = Debug|Any CPU
		{E0109135-A0C3-4714-8E09-6B4285DF736F}.Debug|Any CPU.Build.0 = Debug|Any CPU
		{E0109135-A0C3-4714-8E09-6B4285DF736F}.Debug|x64.ActiveCfg = Debug|Any CPU
		{E0109135-A0C3-4714-8E09-6B4285DF736F}.Debug|x64.Build.0 = Debug|Any CPU
		{E0109135-A0C3-4714-8E09-6B4285DF736F}.Debug|x86.ActiveCfg = Debug|Any CPU
		{E0109135-A0C3-4714-8E09-6B4285DF736F}.Debug|x86.Build.0 = Debug|Any CPU
		{E0109135-A0C3-4714-8E09-6B4285DF736F}.Release|Any CPU.ActiveCfg = Release|Any CPU
		{E0109135-A0C3-4714-8E09-6B4285DF736F}.Release|Any CPU.Build.0 = Release|Any CPU
		{E0109135-A0C3-4714-8E09-6B4285DF736F}.Release|x64.ActiveCfg = Release|Any CPU
		{E0109135-A0C3-4714-8E09-6B4285DF736F}.Release|x64.Build.0 = Release|Any CPU
		{E0109135-A0C3-4714-8E09-6B4285DF736F}.Release|x86.ActiveCfg = Release|Any CPU
		{E0109135-A0C3-4714-8E09-6B4285DF736F}.Release|x86.Build.0 = Release|Any CPU
		{9B446E76-3C9D-484F-83CE-D520B0A56246}.Debug|Any CPU.ActiveCfg = Debug|Any CPU
		{9B446E76-3C9D-484F-83CE-D520B0A56246}.Debug|Any CPU.Build.0 = Debug|Any CPU
		{9B446E76-3C9D-484F-83CE-D520B0A56246}.Debug|x64.ActiveCfg = Debug|Any CPU
		{9B446E76-3C9D-484F-83CE-D520B0A56246}.Debug|x64.Build.0 = Debug|Any CPU
		{9B446E76-3C9D-484F-83CE-D520B0A56246}.Debug|x86.ActiveCfg = Debug|Any CPU
		{9B446E76-3C9D-484F-83CE-D520B0A56246}.Debug|x86.Build.0 = Debug|Any CPU
		{9B446E76-3C9D-484F-83CE-D520B0A56246}.Release|Any CPU.ActiveCfg = Release|Any CPU
		{9B446E76-3C9D-484F-83CE-D520B0A56246}.Release|Any CPU.Build.0 = Release|Any CPU
		{9B446E76-3C9D-484F-83CE-D520B0A56246}.Release|x64.ActiveCfg = Release|Any CPU
		{9B446E76-3C9D-484F-83CE-D520B0A56246}.Release|x64.Build.0 = Release|Any CPU
		{9B446E76-3C9D-484F-83CE-D520B0A56246}.Release|x86.ActiveCfg = Release|Any CPU
		{9B446E76-3C9D-484F-83CE-D520B0A56246}.Release|x86.Build.0 = Release|Any CPU
		{06873AD6-4EB8-4B8D-ADD2-93667F5FC7E2}.Debug|Any CPU.ActiveCfg = Debug|Any CPU
		{06873AD6-4EB8-4B8D-ADD2-93667F5FC7E2}.Debug|Any CPU.Build.0 = Debug|Any CPU
		{06873AD6-4EB8-4B8D-ADD2-93667F5FC7E2}.Debug|x64.ActiveCfg = Debug|Any CPU
		{06873AD6-4EB8-4B8D-ADD2-93667F5FC7E2}.Debug|x64.Build.0 = Debug|Any CPU
		{06873AD6-4EB8-4B8D-ADD2-93667F5FC7E2}.Debug|x86.ActiveCfg = Debug|Any CPU
		{06873AD6-4EB8-4B8D-ADD2-93667F5FC7E2}.Debug|x86.Build.0 = Debug|Any CPU
		{06873AD6-4EB8-4B8D-ADD2-93667F5FC7E2}.Release|Any CPU.ActiveCfg = Release|Any CPU
		{06873AD6-4EB8-4B8D-ADD2-93667F5FC7E2}.Release|Any CPU.Build.0 = Release|Any CPU
		{06873AD6-4EB8-4B8D-ADD2-93667F5FC7E2}.Release|x64.ActiveCfg = Release|Any CPU
		{06873AD6-4EB8-4B8D-ADD2-93667F5FC7E2}.Release|x64.Build.0 = Release|Any CPU
		{06873AD6-4EB8-4B8D-ADD2-93667F5FC7E2}.Release|x86.ActiveCfg = Release|Any CPU
		{06873AD6-4EB8-4B8D-ADD2-93667F5FC7E2}.Release|x86.Build.0 = Release|Any CPU
		{6141CAE5-2335-4DD4-AB2A-211351FFA4C6}.Debug|Any CPU.ActiveCfg = Debug|Any CPU
		{6141CAE5-2335-4DD4-AB2A-211351FFA4C6}.Debug|Any CPU.Build.0 = Debug|Any CPU
		{6141CAE5-2335-4DD4-AB2A-211351FFA4C6}.Debug|x64.ActiveCfg = Debug|Any CPU
		{6141CAE5-2335-4DD4-AB2A-211351FFA4C6}.Debug|x64.Build.0 = Debug|Any CPU
		{6141CAE5-2335-4DD4-AB2A-211351FFA4C6}.Debug|x86.ActiveCfg = Debug|Any CPU
		{6141CAE5-2335-4DD4-AB2A-211351FFA4C6}.Debug|x86.Build.0 = Debug|Any CPU
		{6141CAE5-2335-4DD4-AB2A-211351FFA4C6}.Release|Any CPU.ActiveCfg = Release|Any CPU
		{6141CAE5-2335-4DD4-AB2A-211351FFA4C6}.Release|Any CPU.Build.0 = Release|Any CPU
		{6141CAE5-2335-4DD4-AB2A-211351FFA4C6}.Release|x64.ActiveCfg = Release|Any CPU
		{6141CAE5-2335-4DD4-AB2A-211351FFA4C6}.Release|x64.Build.0 = Release|Any CPU
		{6141CAE5-2335-4DD4-AB2A-211351FFA4C6}.Release|x86.ActiveCfg = Release|Any CPU
		{6141CAE5-2335-4DD4-AB2A-211351FFA4C6}.Release|x86.Build.0 = Release|Any CPU
		{46A117C5-E161-4A8D-9DAC-35A2A7325719}.Debug|Any CPU.ActiveCfg = Debug|Any CPU
		{46A117C5-E161-4A8D-9DAC-35A2A7325719}.Debug|Any CPU.Build.0 = Debug|Any CPU
		{46A117C5-E161-4A8D-9DAC-35A2A7325719}.Debug|x64.ActiveCfg = Debug|Any CPU
		{46A117C5-E161-4A8D-9DAC-35A2A7325719}.Debug|x64.Build.0 = Debug|Any CPU
		{46A117C5-E161-4A8D-9DAC-35A2A7325719}.Debug|x86.ActiveCfg = Debug|Any CPU
		{46A117C5-E161-4A8D-9DAC-35A2A7325719}.Debug|x86.Build.0 = Debug|Any CPU
		{46A117C5-E161-4A8D-9DAC-35A2A7325719}.Release|Any CPU.ActiveCfg = Release|Any CPU
		{46A117C5-E161-4A8D-9DAC-35A2A7325719}.Release|Any CPU.Build.0 = Release|Any CPU
		{46A117C5-E161-4A8D-9DAC-35A2A7325719}.Release|x64.ActiveCfg = Release|Any CPU
		{46A117C5-E161-4A8D-9DAC-35A2A7325719}.Release|x64.Build.0 = Release|Any CPU
		{46A117C5-E161-4A8D-9DAC-35A2A7325719}.Release|x86.ActiveCfg = Release|Any CPU
		{46A117C5-E161-4A8D-9DAC-35A2A7325719}.Release|x86.Build.0 = Release|Any CPU
		{0CAF7FE1-0D83-44D7-BBD1-4DCE8939D1DD}.Debug|Any CPU.ActiveCfg = Debug|Any CPU
		{0CAF7FE1-0D83-44D7-BBD1-4DCE8939D1DD}.Debug|Any CPU.Build.0 = Debug|Any CPU
		{0CAF7FE1-0D83-44D7-BBD1-4DCE8939D1DD}.Debug|x64.ActiveCfg = Debug|Any CPU
		{0CAF7FE1-0D83-44D7-BBD1-4DCE8939D1DD}.Debug|x64.Build.0 = Debug|Any CPU
		{0CAF7FE1-0D83-44D7-BBD1-4DCE8939D1DD}.Debug|x86.ActiveCfg = Debug|Any CPU
		{0CAF7FE1-0D83-44D7-BBD1-4DCE8939D1DD}.Debug|x86.Build.0 = Debug|Any CPU
		{0CAF7FE1-0D83-44D7-BBD1-4DCE8939D1DD}.Release|Any CPU.ActiveCfg = Release|Any CPU
		{0CAF7FE1-0D83-44D7-BBD1-4DCE8939D1DD}.Release|Any CPU.Build.0 = Release|Any CPU
		{0CAF7FE1-0D83-44D7-BBD1-4DCE8939D1DD}.Release|x64.ActiveCfg = Release|Any CPU
		{0CAF7FE1-0D83-44D7-BBD1-4DCE8939D1DD}.Release|x64.Build.0 = Release|Any CPU
		{0CAF7FE1-0D83-44D7-BBD1-4DCE8939D1DD}.Release|x86.ActiveCfg = Release|Any CPU
		{0CAF7FE1-0D83-44D7-BBD1-4DCE8939D1DD}.Release|x86.Build.0 = Release|Any CPU
		{9840A08B-5A4B-4DA1-BDEF-FD5D07446775}.Debug|Any CPU.ActiveCfg = Debug|Any CPU
		{9840A08B-5A4B-4DA1-BDEF-FD5D07446775}.Debug|Any CPU.Build.0 = Debug|Any CPU
		{9840A08B-5A4B-4DA1-BDEF-FD5D07446775}.Debug|x64.ActiveCfg = Debug|Any CPU
		{9840A08B-5A4B-4DA1-BDEF-FD5D07446775}.Debug|x64.Build.0 = Debug|Any CPU
		{9840A08B-5A4B-4DA1-BDEF-FD5D07446775}.Debug|x86.ActiveCfg = Debug|Any CPU
		{9840A08B-5A4B-4DA1-BDEF-FD5D07446775}.Debug|x86.Build.0 = Debug|Any CPU
		{9840A08B-5A4B-4DA1-BDEF-FD5D07446775}.Release|Any CPU.ActiveCfg = Release|Any CPU
		{9840A08B-5A4B-4DA1-BDEF-FD5D07446775}.Release|Any CPU.Build.0 = Release|Any CPU
		{9840A08B-5A4B-4DA1-BDEF-FD5D07446775}.Release|x64.ActiveCfg = Release|Any CPU
		{9840A08B-5A4B-4DA1-BDEF-FD5D07446775}.Release|x64.Build.0 = Release|Any CPU
		{9840A08B-5A4B-4DA1-BDEF-FD5D07446775}.Release|x86.ActiveCfg = Release|Any CPU
		{9840A08B-5A4B-4DA1-BDEF-FD5D07446775}.Release|x86.Build.0 = Release|Any CPU
		{A7D2F8E3-8F4B-4C9E-9A1B-5E6D7C8F9A0B}.Debug|Any CPU.ActiveCfg = Debug|Any CPU
		{A7D2F8E3-8F4B-4C9E-9A1B-5E6D7C8F9A0B}.Debug|Any CPU.Build.0 = Debug|Any CPU
		{A7D2F8E3-8F4B-4C9E-9A1B-5E6D7C8F9A0B}.Debug|x64.ActiveCfg = Debug|Any CPU
		{A7D2F8E3-8F4B-4C9E-9A1B-5E6D7C8F9A0B}.Debug|x64.Build.0 = Debug|Any CPU
		{A7D2F8E3-8F4B-4C9E-9A1B-5E6D7C8F9A0B}.Debug|x86.ActiveCfg = Debug|Any CPU
		{A7D2F8E3-8F4B-4C9E-9A1B-5E6D7C8F9A0B}.Debug|x86.Build.0 = Debug|Any CPU
		{A7D2F8E3-8F4B-4C9E-9A1B-5E6D7C8F9A0B}.Release|Any CPU.ActiveCfg = Release|Any CPU
		{A7D2F8E3-8F4B-4C9E-9A1B-5E6D7C8F9A0B}.Release|Any CPU.Build.0 = Release|Any CPU
		{A7D2F8E3-8F4B-4C9E-9A1B-5E6D7C8F9A0B}.Release|x64.ActiveCfg = Release|Any CPU
		{A7D2F8E3-8F4B-4C9E-9A1B-5E6D7C8F9A0B}.Release|x64.Build.0 = Release|Any CPU
		{A7D2F8E3-8F4B-4C9E-9A1B-5E6D7C8F9A0B}.Release|x86.ActiveCfg = Release|Any CPU
		{A7D2F8E3-8F4B-4C9E-9A1B-5E6D7C8F9A0B}.Release|x86.Build.0 = Release|Any CPU
	EndGlobalSection
	GlobalSection(SolutionProperties) = preSolution
		HideSolutionNode = FALSE
	EndGlobalSection
	GlobalSection(NestedProjects) = preSolution
		{BA4C1A1F-2D9B-4060-888A-E69D76B2C66A} = {B8EFCA5F-814F-285C-A8CB-F00F14650265}
		{CD4EA93A-DFB8-4A60-B2B0-1033B379AADC} = {B8EFCA5F-814F-285C-A8CB-F00F14650265}
		{B3916814-AD3B-4799-9934-4D8918C6A5E0} = {B8EFCA5F-814F-285C-A8CB-F00F14650265}
		{8018844D-37B1-49D3-AB96-1C08D2305E7C} = {B8EFCA5F-814F-285C-A8CB-F00F14650265}
		{F7E7F212-B555-4997-925B-21BA294F091E} = {B8EFCA5F-814F-285C-A8CB-F00F14650265}
		{C1C656A8-5426-4AB2-98D7-C8C849406234} = {B8EFCA5F-814F-285C-A8CB-F00F14650265}
		{F974E388-5009-470C-9360-F35BE97A0ADD} = {B8EFCA5F-814F-285C-A8CB-F00F14650265}
		{B9F65D3A-7FEE-43F5-9ECA-35296CFCCA53} = {B8EFCA5F-814F-285C-A8CB-F00F14650265}
		{4720DB39-7D45-4BBB-95C4-043BD719E313} = {B8EFCA5F-814F-285C-A8CB-F00F14650265}
		{DC74F364-3D3F-49F0-B892-698296A355F6} = {B8EFCA5F-814F-285C-A8CB-F00F14650265}
		{E0109135-A0C3-4714-8E09-6B4285DF736F} = {0AB3BF05-4346-4AA6-1389-037BE0695223}
		{9B446E76-3C9D-484F-83CE-D520B0A56246} = {0AB3BF05-4346-4AA6-1389-037BE0695223}
		{06873AD6-4EB8-4B8D-ADD2-93667F5FC7E2} = {0AB3BF05-4346-4AA6-1389-037BE0695223}
		{6141CAE5-2335-4DD4-AB2A-211351FFA4C6} = {0AB3BF05-4346-4AA6-1389-037BE0695223}
		{46A117C5-E161-4A8D-9DAC-35A2A7325719} = {B8EFCA5F-814F-285C-A8CB-F00F14650265}
		{0CAF7FE1-0D83-44D7-BBD1-4DCE8939D1DD} = {B8EFCA5F-814F-285C-A8CB-F00F14650265}
		{9840A08B-5A4B-4DA1-BDEF-FD5D07446775} = {DB9C22E8-945B-7247-EE56-10CB0DAE3718}
		{A7D2F8E3-8F4B-4C9E-9A1B-5E6D7C8F9A0B} = {0AB3BF05-4346-4AA6-1389-037BE0695223}
	EndGlobalSection
	GlobalSection(ExtensibilityGlobals) = postSolution
		SolutionGuid = {D73B147F-16BE-44A5-897C-C2A085DB777A}
	EndGlobalSection
EndGlobal
