
Microsoft Visual Studio Solution File, Format Version 12.00
# Visual Studio Version 17
VisualStudioVersion = 17.0.31903.59
MinimumVisualStudioVersion = 10.0.40219.1
Project("{FAE04EC0-301F-11D3-BF4B-00C04F79EFBC}") = "MCPHub.Domain", "Domain\MCPHub.Domain.csproj", "{BA4C1A1F-2D9B-4060-888A-E69D76B2C66A}"
EndProject
Project("{FAE04EC0-301F-11D3-BF4B-00C04F79EFBC}") = "MCPHub.Common", "Common\MCPHub.Common.csproj", "{CD4EA93A-DFB8-4A60-B2B0-1033B379AADC}"
EndProject
Project("{FAE04EC0-301F-11D3-BF4B-00C04F79EFBC}") = "MCPHub.Core", "Core\MCPHub.Core.csproj", "{B3916814-AD3B-4799-9934-4D8918C6A5E0}"
EndProject
Project("{FAE04EC0-301F-11D3-BF4B-00C04F79EFBC}") = "MCPHub.Data", "Data\MCPHub.Data.csproj", "{8018844D-37B1-49D3-AB96-1C08D2305E7C}"
EndProject
Project("{FAE04EC0-301F-11D3-BF4B-00C04F79EFBC}") = "MCPHub.Data.MigrationService", "Data.MigrationService\MCPHub.Data.MigrationService.csproj", "{85752BF6-627D-4F11-84EF-131DAD266EF5}"
EndProject
Project("{FAE04EC0-301F-11D3-BF4B-00C04F79EFBC}") = "MCPHub.CommandLineApp", "CommandLineApp\MCPHub.CommandLineApp.csproj", "{F7E7F212-B555-4997-925B-21BA294F091E}"
EndProject
Project("{FAE04EC0-301F-11D3-BF4B-00C04F79EFBC}") = "MCPHub.PublicApi", "PublicApi\MCPHub.PublicApi.csproj", "{C1C656A8-5426-4AB2-98D7-C8C849406234}"
EndProject
Project("{FAE04EC0-301F-11D3-BF4B-00C04F79EFBC}") = "MCPHub.WebApp", "WebApp\MCPHub.WebApp.csproj", "{F974E388-5009-470C-9360-F35BE97A0ADD}"
EndProject
Project("{FAE04EC0-301F-11D3-BF4B-00C04F79EFBC}") = "MCPHub.SecurityService", "SecurityService\MCPHub.SecurityService.csproj", "{B9F65D3A-7FEE-43F5-9ECA-35296CFCCA53}"
EndProject
Project("{FAE04EC0-301F-11D3-BF4B-00C04F79EFBC}") = "MCPHub.SearchService", "SearchService\MCPHub.SearchService.csproj", "{4720DB39-7D45-4BBB-95C4-043BD719E313}"
EndProject
Project("{FAE04EC0-301F-11D3-BF4B-00C04F79EFBC}") = "MCPHub.AppHost", "AppHost\MCPHub.AppHost.csproj", "{DC74F364-3D3F-49F0-B892-698296A355F6}"
EndProject
Project("{FAE04EC0-301F-11D3-BF4B-00C04F79EFBC}") = "MCPHub.Domain.UnitTests", "Domain.UnitTests\MCPHub.Domain.UnitTests.csproj", "{E0109135-A0C3-4714-8E09-6B4285DF736F}"
EndProject
Project("{FAE04EC0-301F-11D3-BF4B-00C04F79EFBC}") = "MCPHub.Common.UnitTests", "Common.UnitTests\MCPHub.Common.UnitTests.csproj", "{9B446E76-3C9D-484F-83CE-D520B0A56246}"
EndProject
Project("{FAE04EC0-301F-11D3-BF4B-00C04F79EFBC}") = "MCPHub.Core.UnitTests", "Core.UnitTests\MCPHub.Core.UnitTests.csproj", "{06873AD6-4EB8-4B8D-ADD2-93667F5FC7E2}"
EndProject
Project("{FAE04EC0-301F-11D3-BF4B-00C04F79EFBC}") = "MCPHub.Data.UnitTests", "Data.UnitTests\MCPHub.Data.UnitTests.csproj", "{6141CAE5-2335-4DD4-AB2A-211351FFA4C6}"
EndProject
Project("{FAE04EC0-301F-11D3-BF4B-00C04F79EFBC}") = "MCPHub.Data.MigrationService.UnitTests", "Data.MigrationService.UnitTests\MCPHub.Data.MigrationService.UnitTests.csproj", "{2F95C2AA-F76A-4338-B238-50C034C40557}"
EndProject
Project("{FAE04EC0-301F-11D3-BF4B-00C04F79EFBC}") = "MCPHub.CommandLineApp.UnitTests", "CommandLineApp.UnitTests\MCPHub.CommandLineApp.UnitTests.csproj", "{8E926F46-1643-4F83-AD09-B0DDE136A22B}"
EndProject
Project("{FAE04EC0-301F-11D3-BF4B-00C04F79EFBC}") = "MCPHub.PublicApi.UnitTests", "PublicApi.UnitTests\MCPHub.PublicApi.UnitTests.csproj", "{35DB3182-C48D-47D8-895A-9CA0C99EE9D4}"
EndProject
Project("{FAE04EC0-301F-11D3-BF4B-00C04F79EFBC}") = "MCPHub.WebApp.UnitTests", "WebApp.UnitTests\MCPHub.WebApp.UnitTests.csproj", "{0735F203-EAFA-4E4B-BF80-9D34E7FFE484}"
EndProject
Project("{FAE04EC0-301F-11D3-BF4B-00C04F79EFBC}") = "MCPHub.SecurityService.UnitTests", "SecurityService.UnitTests\MCPHub.SecurityService.UnitTests.csproj", "{26930F8E-049E-4DEB-A30C-79A76857C51C}"
EndProject
Project("{FAE04EC0-301F-11D3-BF4B-00C04F79EFBC}") = "MCPHub.SearchService.UnitTests", "SearchService.UnitTests\MCPHub.SearchService.UnitTests.csproj", "{424A0D7C-4756-45BF-83C7-3872EDDE4FFE}"
EndProject
Global
	GlobalSection(SolutionConfigurationPlatforms) = preSolution
		Debug|Any CPU = Debug|Any CPU
		Debug|x64 = Debug|x64
		Debug|x86 = Debug|x86
		Release|Any CPU = Release|Any CPU
		Release|x64 = Release|x64
		Release|x86 = Release|x86
	EndGlobalSection
	GlobalSection(ProjectConfigurationPlatforms) = postSolution
		{BA4C1A1F-2D9B-4060-888A-E69D76B2C66A}.Debug|Any CPU.ActiveCfg = Debug|Any CPU
		{BA4C1A1F-2D9B-4060-888A-E69D76B2C66A}.Debug|Any CPU.Build.0 = Debug|Any CPU
		{BA4C1A1F-2D9B-4060-888A-E69D76B2C66A}.Debug|x64.ActiveCfg = Debug|Any CPU
		{BA4C1A1F-2D9B-4060-888A-E69D76B2C66A}.Debug|x64.Build.0 = Debug|Any CPU
		{BA4C1A1F-2D9B-4060-888A-E69D76B2C66A}.Debug|x86.ActiveCfg = Debug|Any CPU
		{BA4C1A1F-2D9B-4060-888A-E69D76B2C66A}.Debug|x86.Build.0 = Debug|Any CPU
		{BA4C1A1F-2D9B-4060-888A-E69D76B2C66A}.Release|Any CPU.ActiveCfg = Release|Any CPU
		{BA4C1A1F-2D9B-4060-888A-E69D76B2C66A}.Release|Any CPU.Build.0 = Release|Any CPU
		{BA4C1A1F-2D9B-4060-888A-E69D76B2C66A}.Release|x64.ActiveCfg = Release|Any CPU
		{BA4C1A1F-2D9B-4060-888A-E69D76B2C66A}.Release|x64.Build.0 = Release|Any CPU
		{BA4C1A1F-2D9B-4060-888A-E69D76B2C66A}.Release|x86.ActiveCfg = Release|Any CPU
		{BA4C1A1F-2D9B-4060-888A-E69D76B2C66A}.Release|x86.Build.0 = Release|Any CPU
		{CD4EA93A-DFB8-4A60-B2B0-1033B379AADC}.Debug|Any CPU.ActiveCfg = Debug|Any CPU
		{CD4EA93A-DFB8-4A60-B2B0-1033B379AADC}.Debug|Any CPU.Build.0 = Debug|Any CPU
		{CD4EA93A-DFB8-4A60-B2B0-1033B379AADC}.Debug|x64.ActiveCfg = Debug|Any CPU
		{CD4EA93A-DFB8-4A60-B2B0-1033B379AADC}.Debug|x64.Build.0 = Debug|Any CPU
		{CD4EA93A-DFB8-4A60-B2B0-1033B379AADC}.Debug|x86.ActiveCfg = Debug|Any CPU
		{CD4EA93A-DFB8-4A60-B2B0-1033B379AADC}.Debug|x86.Build.0 = Debug|Any CPU
		{CD4EA93A-DFB8-4A60-B2B0-1033B379AADC}.Release|Any CPU.ActiveCfg = Release|Any CPU
		{CD4EA93A-DFB8-4A60-B2B0-1033B379AADC}.Release|Any CPU.Build.0 = Release|Any CPU
		{CD4EA93A-DFB8-4A60-B2B0-1033B379AADC}.Release|x64.ActiveCfg = Release|Any CPU
		{CD4EA93A-DFB8-4A60-B2B0-1033B379AADC}.Release|x64.Build.0 = Release|Any CPU
		{CD4EA93A-DFB8-4A60-B2B0-1033B379AADC}.Release|x86.ActiveCfg = Release|Any CPU
		{CD4EA93A-DFB8-4A60-B2B0-1033B379AADC}.Release|x86.Build.0 = Release|Any CPU
		{B3916814-AD3B-4799-9934-4D8918C6A5E0}.Debug|Any CPU.ActiveCfg = Debug|Any CPU
		{B3916814-AD3B-4799-9934-4D8918C6A5E0}.Debug|Any CPU.Build.0 = Debug|Any CPU
		{B3916814-AD3B-4799-9934-4D8918C6A5E0}.Debug|x64.ActiveCfg = Debug|Any CPU
		{B3916814-AD3B-4799-9934-4D8918C6A5E0}.Debug|x64.Build.0 = Debug|Any CPU
		{B3916814-AD3B-4799-9934-4D8918C6A5E0}.Debug|x86.ActiveCfg = Debug|Any CPU
		{B3916814-AD3B-4799-9934-4D8918C6A5E0}.Debug|x86.Build.0 = Debug|Any CPU
		{B3916814-AD3B-4799-9934-4D8918C6A5E0}.Release|Any CPU.ActiveCfg = Release|Any CPU
		{B3916814-AD3B-4799-9934-4D8918C6A5E0}.Release|Any CPU.Build.0 = Release|Any CPU
		{B3916814-AD3B-4799-9934-4D8918C6A5E0}.Release|x64.ActiveCfg = Release|Any CPU
		{B3916814-AD3B-4799-9934-4D8918C6A5E0}.Release|x64.Build.0 = Release|Any CPU
		{B3916814-AD3B-4799-9934-4D8918C6A5E0}.Release|x86.ActiveCfg = Release|Any CPU
		{B3916814-AD3B-4799-9934-4D8918C6A5E0}.Release|x86.Build.0 = Release|Any CPU
		{8018844D-37B1-49D3-AB96-1C08D2305E7C}.Debug|Any CPU.ActiveCfg = Debug|Any CPU
		{8018844D-37B1-49D3-AB96-1C08D2305E7C}.Debug|Any CPU.Build.0 = Debug|Any CPU
		{8018844D-37B1-49D3-AB96-1C08D2305E7C}.Debug|x64.ActiveCfg = Debug|Any CPU
		{8018844D-37B1-49D3-AB96-1C08D2305E7C}.Debug|x64.Build.0 = Debug|Any CPU
		{8018844D-37B1-49D3-AB96-1C08D2305E7C}.Debug|x86.ActiveCfg = Debug|Any CPU
		{8018844D-37B1-49D3-AB96-1C08D2305E7C}.Debug|x86.Build.0 = Debug|Any CPU
		{8018844D-37B1-49D3-AB96-1C08D2305E7C}.Release|Any CPU.ActiveCfg = Release|Any CPU
		{8018844D-37B1-49D3-AB96-1C08D2305E7C}.Release|Any CPU.Build.0 = Release|Any CPU
		{8018844D-37B1-49D3-AB96-1C08D2305E7C}.Release|x64.ActiveCfg = Release|Any CPU
		{8018844D-37B1-49D3-AB96-1C08D2305E7C}.Release|x64.Build.0 = Release|Any CPU
		{8018844D-37B1-49D3-AB96-1C08D2305E7C}.Release|x86.ActiveCfg = Release|Any CPU
		{8018844D-37B1-49D3-AB96-1C08D2305E7C}.Release|x86.Build.0 = Release|Any CPU
		{85752BF6-627D-4F11-84EF-131DAD266EF5}.Debug|Any CPU.ActiveCfg = Debug|Any CPU
		{85752BF6-627D-4F11-84EF-131DAD266EF5}.Debug|Any CPU.Build.0 = Debug|Any CPU
		{85752BF6-627D-4F11-84EF-131DAD266EF5}.Debug|x64.ActiveCfg = Debug|Any CPU
		{85752BF6-627D-4F11-84EF-131DAD266EF5}.Debug|x64.Build.0 = Debug|Any CPU
		{85752BF6-627D-4F11-84EF-131DAD266EF5}.Debug|x86.ActiveCfg = Debug|Any CPU
		{85752BF6-627D-4F11-84EF-131DAD266EF5}.Debug|x86.Build.0 = Debug|Any CPU
		{85752BF6-627D-4F11-84EF-131DAD266EF5}.Release|Any CPU.ActiveCfg = Release|Any CPU
		{85752BF6-627D-4F11-84EF-131DAD266EF5}.Release|Any CPU.Build.0 = Release|Any CPU
		{85752BF6-627D-4F11-84EF-131DAD266EF5}.Release|x64.ActiveCfg = Release|Any CPU
		{85752BF6-627D-4F11-84EF-131DAD266EF5}.Release|x64.Build.0 = Release|Any CPU
		{85752BF6-627D-4F11-84EF-131DAD266EF5}.Release|x86.ActiveCfg = Release|Any CPU
		{85752BF6-627D-4F11-84EF-131DAD266EF5}.Release|x86.Build.0 = Release|Any CPU
		{F7E7F212-B555-4997-925B-21BA294F091E}.Debug|Any CPU.ActiveCfg = Debug|Any CPU
		{F7E7F212-B555-4997-925B-21BA294F091E}.Debug|Any CPU.Build.0 = Debug|Any CPU
		{F7E7F212-B555-4997-925B-21BA294F091E}.Debug|x64.ActiveCfg = Debug|Any CPU
		{F7E7F212-B555-4997-925B-21BA294F091E}.Debug|x64.Build.0 = Debug|Any CPU
		{F7E7F212-B555-4997-925B-21BA294F091E}.Debug|x86.ActiveCfg = Debug|Any CPU
		{F7E7F212-B555-4997-925B-21BA294F091E}.Debug|x86.Build.0 = Debug|Any CPU
		{F7E7F212-B555-4997-925B-21BA294F091E}.Release|Any CPU.ActiveCfg = Release|Any CPU
		{F7E7F212-B555-4997-925B-21BA294F091E}.Release|Any CPU.Build.0 = Release|Any CPU
		{F7E7F212-B555-4997-925B-21BA294F091E}.Release|x64.ActiveCfg = Release|Any CPU
		{F7E7F212-B555-4997-925B-21BA294F091E}.Release|x64.Build.0 = Release|Any CPU
		{F7E7F212-B555-4997-925B-21BA294F091E}.Release|x86.ActiveCfg = Release|Any CPU
		{F7E7F212-B555-4997-925B-21BA294F091E}.Release|x86.Build.0 = Release|Any CPU
		{C1C656A8-5426-4AB2-98D7-C8C849406234}.Debug|Any CPU.ActiveCfg = Debug|Any CPU
		{C1C656A8-5426-4AB2-98D7-C8C849406234}.Debug|Any CPU.Build.0 = Debug|Any CPU
		{C1C656A8-5426-4AB2-98D7-C8C849406234}.Debug|x64.ActiveCfg = Debug|Any CPU
		{C1C656A8-5426-4AB2-98D7-C8C849406234}.Debug|x64.Build.0 = Debug|Any CPU
		{C1C656A8-5426-4AB2-98D7-C8C849406234}.Debug|x86.ActiveCfg = Debug|Any CPU
		{C1C656A8-5426-4AB2-98D7-C8C849406234}.Debug|x86.Build.0 = Debug|Any CPU
		{C1C656A8-5426-4AB2-98D7-C8C849406234}.Release|Any CPU.ActiveCfg = Release|Any CPU
		{C1C656A8-5426-4AB2-98D7-C8C849406234}.Release|Any CPU.Build.0 = Release|Any CPU
		{C1C656A8-5426-4AB2-98D7-C8C849406234}.Release|x64.ActiveCfg = Release|Any CPU
		{C1C656A8-5426-4AB2-98D7-C8C849406234}.Release|x64.Build.0 = Release|Any CPU
		{C1C656A8-5426-4AB2-98D7-C8C849406234}.Release|x86.ActiveCfg = Release|Any CPU
		{C1C656A8-5426-4AB2-98D7-C8C849406234}.Release|x86.Build.0 = Release|Any CPU
		{F974E388-5009-470C-9360-F35BE97A0ADD}.Debug|Any CPU.ActiveCfg = Debug|Any CPU
		{F974E388-5009-470C-9360-F35BE97A0ADD}.Debug|Any CPU.Build.0 = Debug|Any CPU
		{F974E388-5009-470C-9360-F35BE97A0ADD}.Debug|x64.ActiveCfg = Debug|Any CPU
		{F974E388-5009-470C-9360-F35BE97A0ADD}.Debug|x64.Build.0 = Debug|Any CPU
		{F974E388-5009-470C-9360-F35BE97A0ADD}.Debug|x86.ActiveCfg = Debug|Any CPU
		{F974E388-5009-470C-9360-F35BE97A0ADD}.Debug|x86.Build.0 = Debug|Any CPU
		{F974E388-5009-470C-9360-F35BE97A0ADD}.Release|Any CPU.ActiveCfg = Release|Any CPU
		{F974E388-5009-470C-9360-F35BE97A0ADD}.Release|Any CPU.Build.0 = Release|Any CPU
		{F974E388-5009-470C-9360-F35BE97A0ADD}.Release|x64.ActiveCfg = Release|Any CPU
		{F974E388-5009-470C-9360-F35BE97A0ADD}.Release|x64.Build.0 = Release|Any CPU
		{F974E388-5009-470C-9360-F35BE97A0ADD}.Release|x86.ActiveCfg = Release|Any CPU
		{F974E388-5009-470C-9360-F35BE97A0ADD}.Release|x86.Build.0 = Release|Any CPU
		{B9F65D3A-7FEE-43F5-9ECA-35296CFCCA53}.Debug|Any CPU.ActiveCfg = Debug|Any CPU
		{B9F65D3A-7FEE-43F5-9ECA-35296CFCCA53}.Debug|Any CPU.Build.0 = Debug|Any CPU
		{B9F65D3A-7FEE-43F5-9ECA-35296CFCCA53}.Debug|x64.ActiveCfg = Debug|Any CPU
		{B9F65D3A-7FEE-43F5-9ECA-35296CFCCA53}.Debug|x64.Build.0 = Debug|Any CPU
		{B9F65D3A-7FEE-43F5-9ECA-35296CFCCA53}.Debug|x86.ActiveCfg = Debug|Any CPU
		{B9F65D3A-7FEE-43F5-9ECA-35296CFCCA53}.Debug|x86.Build.0 = Debug|Any CPU
		{B9F65D3A-7FEE-43F5-9ECA-35296CFCCA53}.Release|Any CPU.ActiveCfg = Release|Any CPU
		{B9F65D3A-7FEE-43F5-9ECA-35296CFCCA53}.Release|Any CPU.Build.0 = Release|Any CPU
		{B9F65D3A-7FEE-43F5-9ECA-35296CFCCA53}.Release|x64.ActiveCfg = Release|Any CPU
		{B9F65D3A-7FEE-43F5-9ECA-35296CFCCA53}.Release|x64.Build.0 = Release|Any CPU
		{B9F65D3A-7FEE-43F5-9ECA-35296CFCCA53}.Release|x86.ActiveCfg = Release|Any CPU
		{B9F65D3A-7FEE-43F5-9ECA-35296CFCCA53}.Release|x86.Build.0 = Release|Any CPU
		{4720DB39-7D45-4BBB-95C4-043BD719E313}.Debug|Any CPU.ActiveCfg = Debug|Any CPU
		{4720DB39-7D45-4BBB-95C4-043BD719E313}.Debug|Any CPU.Build.0 = Debug|Any CPU
		{4720DB39-7D45-4BBB-95C4-043BD719E313}.Debug|x64.ActiveCfg = Debug|Any CPU
		{4720DB39-7D45-4BBB-95C4-043BD719E313}.Debug|x64.Build.0 = Debug|Any CPU
		{4720DB39-7D45-4BBB-95C4-043BD719E313}.Debug|x86.ActiveCfg = Debug|Any CPU
		{4720DB39-7D45-4BBB-95C4-043BD719E313}.Debug|x86.Build.0 = Debug|Any CPU
		{4720DB39-7D45-4BBB-95C4-043BD719E313}.Release|Any CPU.ActiveCfg = Release|Any CPU
		{4720DB39-7D45-4BBB-95C4-043BD719E313}.Release|Any CPU.Build.0 = Release|Any CPU
		{4720DB39-7D45-4BBB-95C4-043BD719E313}.Release|x64.ActiveCfg = Release|Any CPU
		{4720DB39-7D45-4BBB-95C4-043BD719E313}.Release|x64.Build.0 = Release|Any CPU
		{4720DB39-7D45-4BBB-95C4-043BD719E313}.Release|x86.ActiveCfg = Release|Any CPU
		{4720DB39-7D45-4BBB-95C4-043BD719E313}.Release|x86.Build.0 = Release|Any CPU
		{DC74F364-3D3F-49F0-B892-698296A355F6}.Debug|Any CPU.ActiveCfg = Debug|Any CPU
		{DC74F364-3D3F-49F0-B892-698296A355F6}.Debug|Any CPU.Build.0 = Debug|Any CPU
		{DC74F364-3D3F-49F0-B892-698296A355F6}.Debug|x64.ActiveCfg = Debug|Any CPU
		{DC74F364-3D3F-49F0-B892-698296A355F6}.Debug|x64.Build.0 = Debug|Any CPU
		{DC74F364-3D3F-49F0-B892-698296A355F6}.Debug|x86.ActiveCfg = Debug|Any CPU
		{DC74F364-3D3F-49F0-B892-698296A355F6}.Debug|x86.Build.0 = Debug|Any CPU
		{DC74F364-3D3F-49F0-B892-698296A355F6}.Release|Any CPU.ActiveCfg = Release|Any CPU
		{DC74F364-3D3F-49F0-B892-698296A355F6}.Release|Any CPU.Build.0 = Release|Any CPU
		{DC74F364-3D3F-49F0-B892-698296A355F6}.Release|x64.ActiveCfg = Release|Any CPU
		{DC74F364-3D3F-49F0-B892-698296A355F6}.Release|x64.Build.0 = Release|Any CPU
		{DC74F364-3D3F-49F0-B892-698296A355F6}.Release|x86.ActiveCfg = Release|Any CPU
		{DC74F364-3D3F-49F0-B892-698296A355F6}.Release|x86.Build.0 = Release|Any CPU
		{E0109135-A0C3-4714-8E09-6B4285DF736F}.Debug|Any CPU.ActiveCfg = Debug|Any CPU
		{E0109135-A0C3-4714-8E09-6B4285DF736F}.Debug|Any CPU.Build.0 = Debug|Any CPU
		{E0109135-A0C3-4714-8E09-6B4285DF736F}.Debug|x64.ActiveCfg = Debug|Any CPU
		{E0109135-A0C3-4714-8E09-6B4285DF736F}.Debug|x64.Build.0 = Debug|Any CPU
		{E0109135-A0C3-4714-8E09-6B4285DF736F}.Debug|x86.ActiveCfg = Debug|Any CPU
		{E0109135-A0C3-4714-8E09-6B4285DF736F}.Debug|x86.Build.0 = Debug|Any CPU
		{E0109135-A0C3-4714-8E09-6B4285DF736F}.Release|Any CPU.ActiveCfg = Release|Any CPU
		{E0109135-A0C3-4714-8E09-6B4285DF736F}.Release|Any CPU.Build.0 = Release|Any CPU
		{E0109135-A0C3-4714-8E09-6B4285DF736F}.Release|x64.ActiveCfg = Release|Any CPU
		{E0109135-A0C3-4714-8E09-6B4285DF736F}.Release|x64.Build.0 = Release|Any CPU
		{E0109135-A0C3-4714-8E09-6B4285DF736F}.Release|x86.ActiveCfg = Release|Any CPU
		{E0109135-A0C3-4714-8E09-6B4285DF736F}.Release|x86.Build.0 = Release|Any CPU
		{9B446E76-3C9D-484F-83CE-D520B0A56246}.Debug|Any CPU.ActiveCfg = Debug|Any CPU
		{9B446E76-3C9D-484F-83CE-D520B0A56246}.Debug|Any CPU.Build.0 = Debug|Any CPU
		{9B446E76-3C9D-484F-83CE-D520B0A56246}.Debug|x64.ActiveCfg = Debug|Any CPU
		{9B446E76-3C9D-484F-83CE-D520B0A56246}.Debug|x64.Build.0 = Debug|Any CPU
		{9B446E76-3C9D-484F-83CE-D520B0A56246}.Debug|x86.ActiveCfg = Debug|Any CPU
		{9B446E76-3C9D-484F-83CE-D520B0A56246}.Debug|x86.Build.0 = Debug|Any CPU
		{9B446E76-3C9D-484F-83CE-D520B0A56246}.Release|Any CPU.ActiveCfg = Release|Any CPU
		{9B446E76-3C9D-484F-83CE-D520B0A56246}.Release|Any CPU.Build.0 = Release|Any CPU
		{9B446E76-3C9D-484F-83CE-D520B0A56246}.Release|x64.ActiveCfg = Release|Any CPU
		{9B446E76-3C9D-484F-83CE-D520B0A56246}.Release|x64.Build.0 = Release|Any CPU
		{9B446E76-3C9D-484F-83CE-D520B0A56246}.Release|x86.ActiveCfg = Release|Any CPU
		{9B446E76-3C9D-484F-83CE-D520B0A56246}.Release|x86.Build.0 = Release|Any CPU
		{06873AD6-4EB8-4B8D-ADD2-93667F5FC7E2}.Debug|Any CPU.ActiveCfg = Debug|Any CPU
		{06873AD6-4EB8-4B8D-ADD2-93667F5FC7E2}.Debug|Any CPU.Build.0 = Debug|Any CPU
		{06873AD6-4EB8-4B8D-ADD2-93667F5FC7E2}.Debug|x64.ActiveCfg = Debug|Any CPU
		{06873AD6-4EB8-4B8D-ADD2-93667F5FC7E2}.Debug|x64.Build.0 = Debug|Any CPU
		{06873AD6-4EB8-4B8D-ADD2-93667F5FC7E2}.Debug|x86.ActiveCfg = Debug|Any CPU
		{06873AD6-4EB8-4B8D-ADD2-93667F5FC7E2}.Debug|x86.Build.0 = Debug|Any CPU
		{06873AD6-4EB8-4B8D-ADD2-93667F5FC7E2}.Release|Any CPU.ActiveCfg = Release|Any CPU
		{06873AD6-4EB8-4B8D-ADD2-93667F5FC7E2}.Release|Any CPU.Build.0 = Release|Any CPU
		{06873AD6-4EB8-4B8D-ADD2-93667F5FC7E2}.Release|x64.ActiveCfg = Release|Any CPU
		{06873AD6-4EB8-4B8D-ADD2-93667F5FC7E2}.Release|x64.Build.0 = Release|Any CPU
		{06873AD6-4EB8-4B8D-ADD2-93667F5FC7E2}.Release|x86.ActiveCfg = Release|Any CPU
		{06873AD6-4EB8-4B8D-ADD2-93667F5FC7E2}.Release|x86.Build.0 = Release|Any CPU
		{6141CAE5-2335-4DD4-AB2A-211351FFA4C6}.Debug|Any CPU.ActiveCfg = Debug|Any CPU
		{6141CAE5-2335-4DD4-AB2A-211351FFA4C6}.Debug|Any CPU.Build.0 = Debug|Any CPU
		{6141CAE5-2335-4DD4-AB2A-211351FFA4C6}.Debug|x64.ActiveCfg = Debug|Any CPU
		{6141CAE5-2335-4DD4-AB2A-211351FFA4C6}.Debug|x64.Build.0 = Debug|Any CPU
		{6141CAE5-2335-4DD4-AB2A-211351FFA4C6}.Debug|x86.ActiveCfg = Debug|Any CPU
		{6141CAE5-2335-4DD4-AB2A-211351FFA4C6}.Debug|x86.Build.0 = Debug|Any CPU
		{6141CAE5-2335-4DD4-AB2A-211351FFA4C6}.Release|Any CPU.ActiveCfg = Release|Any CPU
		{6141CAE5-2335-4DD4-AB2A-211351FFA4C6}.Release|Any CPU.Build.0 = Release|Any CPU
		{6141CAE5-2335-4DD4-AB2A-211351FFA4C6}.Release|x64.ActiveCfg = Release|Any CPU
		{6141CAE5-2335-4DD4-AB2A-211351FFA4C6}.Release|x64.Build.0 = Release|Any CPU
		{6141CAE5-2335-4DD4-AB2A-211351FFA4C6}.Release|x86.ActiveCfg = Release|Any CPU
		{6141CAE5-2335-4DD4-AB2A-211351FFA4C6}.Release|x86.Build.0 = Release|Any CPU
		{2F95C2AA-F76A-4338-B238-50C034C40557}.Debug|Any CPU.ActiveCfg = Debug|Any CPU
		{2F95C2AA-F76A-4338-B238-50C034C40557}.Debug|Any CPU.Build.0 = Debug|Any CPU
		{2F95C2AA-F76A-4338-B238-50C034C40557}.Debug|x64.ActiveCfg = Debug|Any CPU
		{2F95C2AA-F76A-4338-B238-50C034C40557}.Debug|x64.Build.0 = Debug|Any CPU
		{2F95C2AA-F76A-4338-B238-50C034C40557}.Debug|x86.ActiveCfg = Debug|Any CPU
		{2F95C2AA-F76A-4338-B238-50C034C40557}.Debug|x86.Build.0 = Debug|Any CPU
		{2F95C2AA-F76A-4338-B238-50C034C40557}.Release|Any CPU.ActiveCfg = Release|Any CPU
		{2F95C2AA-F76A-4338-B238-50C034C40557}.Release|Any CPU.Build.0 = Release|Any CPU
		{2F95C2AA-F76A-4338-B238-50C034C40557}.Release|x64.ActiveCfg = Release|Any CPU
		{2F95C2AA-F76A-4338-B238-50C034C40557}.Release|x64.Build.0 = Release|Any CPU
		{2F95C2AA-F76A-4338-B238-50C034C40557}.Release|x86.ActiveCfg = Release|Any CPU
		{2F95C2AA-F76A-4338-B238-50C034C40557}.Release|x86.Build.0 = Release|Any CPU
		{8E926F46-1643-4F83-AD09-B0DDE136A22B}.Debug|Any CPU.ActiveCfg = Debug|Any CPU
		{8E926F46-1643-4F83-AD09-B0DDE136A22B}.Debug|Any CPU.Build.0 = Debug|Any CPU
		{8E926F46-1643-4F83-AD09-B0DDE136A22B}.Debug|x64.ActiveCfg = Debug|Any CPU
		{8E926F46-1643-4F83-AD09-B0DDE136A22B}.Debug|x64.Build.0 = Debug|Any CPU
		{8E926F46-1643-4F83-AD09-B0DDE136A22B}.Debug|x86.ActiveCfg = Debug|Any CPU
		{8E926F46-1643-4F83-AD09-B0DDE136A22B}.Debug|x86.Build.0 = Debug|Any CPU
		{8E926F46-1643-4F83-AD09-B0DDE136A22B}.Release|Any CPU.ActiveCfg = Release|Any CPU
		{8E926F46-1643-4F83-AD09-B0DDE136A22B}.Release|Any CPU.Build.0 = Release|Any CPU
		{8E926F46-1643-4F83-AD09-B0DDE136A22B}.Release|x64.ActiveCfg = Release|Any CPU
		{8E926F46-1643-4F83-AD09-B0DDE136A22B}.Release|x64.Build.0 = Release|Any CPU
		{8E926F46-1643-4F83-AD09-B0DDE136A22B}.Release|x86.ActiveCfg = Release|Any CPU
		{8E926F46-1643-4F83-AD09-B0DDE136A22B}.Release|x86.Build.0 = Release|Any CPU
		{35DB3182-C48D-47D8-895A-9CA0C99EE9D4}.Debug|Any CPU.ActiveCfg = Debug|Any CPU
		{35DB3182-C48D-47D8-895A-9CA0C99EE9D4}.Debug|Any CPU.Build.0 = Debug|Any CPU
		{35DB3182-C48D-47D8-895A-9CA0C99EE9D4}.Debug|x64.ActiveCfg = Debug|Any CPU
		{35DB3182-C48D-47D8-895A-9CA0C99EE9D4}.Debug|x64.Build.0 = Debug|Any CPU
		{35DB3182-C48D-47D8-895A-9CA0C99EE9D4}.Debug|x86.ActiveCfg = Debug|Any CPU
		{35DB3182-C48D-47D8-895A-9CA0C99EE9D4}.Debug|x86.Build.0 = Debug|Any CPU
		{35DB3182-C48D-47D8-895A-9CA0C99EE9D4}.Release|Any CPU.ActiveCfg = Release|Any CPU
		{35DB3182-C48D-47D8-895A-9CA0C99EE9D4}.Release|Any CPU.Build.0 = Release|Any CPU
		{35DB3182-C48D-47D8-895A-9CA0C99EE9D4}.Release|x64.ActiveCfg = Release|Any CPU
		{35DB3182-C48D-47D8-895A-9CA0C99EE9D4}.Release|x64.Build.0 = Release|Any CPU
		{35DB3182-C48D-47D8-895A-9CA0C99EE9D4}.Release|x86.ActiveCfg = Release|Any CPU
		{35DB3182-C48D-47D8-895A-9CA0C99EE9D4}.Release|x86.Build.0 = Release|Any CPU
		{0735F203-EAFA-4E4B-BF80-9D34E7FFE484}.Debug|Any CPU.ActiveCfg = Debug|Any CPU
		{0735F203-EAFA-4E4B-BF80-9D34E7FFE484}.Debug|Any CPU.Build.0 = Debug|Any CPU
		{0735F203-EAFA-4E4B-BF80-9D34E7FFE484}.Debug|x64.ActiveCfg = Debug|Any CPU
		{0735F203-EAFA-4E4B-BF80-9D34E7FFE484}.Debug|x64.Build.0 = Debug|Any CPU
		{0735F203-EAFA-4E4B-BF80-9D34E7FFE484}.Debug|x86.ActiveCfg = Debug|Any CPU
		{0735F203-EAFA-4E4B-BF80-9D34E7FFE484}.Debug|x86.Build.0 = Debug|Any CPU
		{0735F203-EAFA-4E4B-BF80-9D34E7FFE484}.Release|Any CPU.ActiveCfg = Release|Any CPU
		{0735F203-EAFA-4E4B-BF80-9D34E7FFE484}.Release|Any CPU.Build.0 = Release|Any CPU
		{0735F203-EAFA-4E4B-BF80-9D34E7FFE484}.Release|x64.ActiveCfg = Release|Any CPU
		{0735F203-EAFA-4E4B-BF80-9D34E7FFE484}.Release|x64.Build.0 = Release|Any CPU
		{0735F203-EAFA-4E4B-BF80-9D34E7FFE484}.Release|x86.ActiveCfg = Release|Any CPU
		{0735F203-EAFA-4E4B-BF80-9D34E7FFE484}.Release|x86.Build.0 = Release|Any CPU
		{26930F8E-049E-4DEB-A30C-79A76857C51C}.Debug|Any CPU.ActiveCfg = Debug|Any CPU
		{26930F8E-049E-4DEB-A30C-79A76857C51C}.Debug|Any CPU.Build.0 = Debug|Any CPU
		{26930F8E-049E-4DEB-A30C-79A76857C51C}.Debug|x64.ActiveCfg = Debug|Any CPU
		{26930F8E-049E-4DEB-A30C-79A76857C51C}.Debug|x64.Build.0 = Debug|Any CPU
		{26930F8E-049E-4DEB-A30C-79A76857C51C}.Debug|x86.ActiveCfg = Debug|Any CPU
		{26930F8E-049E-4DEB-A30C-79A76857C51C}.Debug|x86.Build.0 = Debug|Any CPU
		{26930F8E-049E-4DEB-A30C-79A76857C51C}.Release|Any CPU.ActiveCfg = Release|Any CPU
		{26930F8E-049E-4DEB-A30C-79A76857C51C}.Release|Any CPU.Build.0 = Release|Any CPU
		{26930F8E-049E-4DEB-A30C-79A76857C51C}.Release|x64.ActiveCfg = Release|Any CPU
		{26930F8E-049E-4DEB-A30C-79A76857C51C}.Release|x64.Build.0 = Release|Any CPU
		{26930F8E-049E-4DEB-A30C-79A76857C51C}.Release|x86.ActiveCfg = Release|Any CPU
		{26930F8E-049E-4DEB-A30C-79A76857C51C}.Release|x86.Build.0 = Release|Any CPU
		{424A0D7C-4756-45BF-83C7-3872EDDE4FFE}.Debug|Any CPU.ActiveCfg = Debug|Any CPU
		{424A0D7C-4756-45BF-83C7-3872EDDE4FFE}.Debug|Any CPU.Build.0 = Debug|Any CPU
		{424A0D7C-4756-45BF-83C7-3872EDDE4FFE}.Debug|x64.ActiveCfg = Debug|Any CPU
		{424A0D7C-4756-45BF-83C7-3872EDDE4FFE}.Debug|x64.Build.0 = Debug|Any CPU
		{424A0D7C-4756-45BF-83C7-3872EDDE4FFE}.Debug|x86.ActiveCfg = Debug|Any CPU
		{424A0D7C-4756-45BF-83C7-3872EDDE4FFE}.Debug|x86.Build.0 = Debug|Any CPU
		{424A0D7C-4756-45BF-83C7-3872EDDE4FFE}.Release|Any CPU.ActiveCfg = Release|Any CPU
		{424A0D7C-4756-45BF-83C7-3872EDDE4FFE}.Release|Any CPU.Build.0 = Release|Any CPU
		{424A0D7C-4756-45BF-83C7-3872EDDE4FFE}.Release|x64.ActiveCfg = Release|Any CPU
		{424A0D7C-4756-45BF-83C7-3872EDDE4FFE}.Release|x64.Build.0 = Release|Any CPU
		{424A0D7C-4756-45BF-83C7-3872EDDE4FFE}.Release|x86.ActiveCfg = Release|Any CPU
		{424A0D7C-4756-45BF-83C7-3872EDDE4FFE}.Release|x86.Build.0 = Release|Any CPU
	EndGlobalSection
	GlobalSection(SolutionProperties) = preSolution
		HideSolutionNode = FALSE
	EndGlobalSection
EndGlobal
